// !$*UTF8*$!
{
	archiveVersion = 1;
	classes = {
	};
	objectVersion = 55;
	objects = {

/* Begin PBXBuildFile section */
		DE09EBDF28DFB95B00F672CA /* Rocket.swift in Sources */ = {isa = PBXBuildFile; fileRef = DE09EBDE28DFB95B00F672CA /* Rocket.swift */; };
		DE09EBE128DFB9C800F672CA /* Launchpad.swift in Sources */ = {isa = PBXBuildFile; fileRef = DE09EBE028DFB9C800F672CA /* Launchpad.swift */; };
		DE40779228CF376C00EDB68D /* IconLabelView.swift in Sources */ = {isa = PBXBuildFile; fileRef = DE40779128CF376C00EDB68D /* IconLabelView.swift */; };
		DE83A08A28E107AF005650CE /* ViewFactory.swift in Sources */ = {isa = PBXBuildFile; fileRef = DE83A08928E107AF005650CE /* ViewFactory.swift */; };
		DE83A08C28E116F0005650CE /* Constants.swift in Sources */ = {isa = PBXBuildFile; fileRef = DE83A08B28E116F0005650CE /* Constants.swift */; };
		DEA0E7FD28D0D00F0095C8FD /* LaunchDetailViewController.swift in Sources */ = {isa = PBXBuildFile; fileRef = DEA0E7FC28D0D00F0095C8FD /* LaunchDetailViewController.swift */; };
		DEA0E7FF28D0F2EB0095C8FD /* Coordinator.swift in Sources */ = {isa = PBXBuildFile; fileRef = DEA0E7FE28D0F2EB0095C8FD /* Coordinator.swift */; };
		DEA0E80128D0F31D0095C8FD /* AppCoordinator.swift in Sources */ = {isa = PBXBuildFile; fileRef = DEA0E80028D0F31D0095C8FD /* AppCoordinator.swift */; };
		DEA0E80328D0F6230095C8FD /* LaunchesCoordinator.swift in Sources */ = {isa = PBXBuildFile; fileRef = DEA0E80228D0F6230095C8FD /* LaunchesCoordinator.swift */; };
		DEA0E81328D0FA110095C8FD /* LaunchesNavigation.swift in Sources */ = {isa = PBXBuildFile; fileRef = DEA0E81228D0FA110095C8FD /* LaunchesNavigation.swift */; };
		DEA0E81628D0FB1A0095C8FD /* LaunchesListViewModel.swift in Sources */ = {isa = PBXBuildFile; fileRef = DEA0E81528D0FB1A0095C8FD /* LaunchesListViewModel.swift */; };
		DEA0E82E28D119EA0095C8FD /* Localizable.strings in Resources */ = {isa = PBXBuildFile; fileRef = DEA0E82D28D119EA0095C8FD /* Localizable.strings */; };
		DEA0E83028D11A200095C8FD /* Strings.swift in Sources */ = {isa = PBXBuildFile; fileRef = DEA0E82F28D11A200095C8FD /* Strings.swift */; };
		DEA0E83528D121DF0095C8FD /* LaunchViewData.swift in Sources */ = {isa = PBXBuildFile; fileRef = DEA0E83428D121DF0095C8FD /* LaunchViewData.swift */; };
		DEB0DC0428CE053C00F77F0F /* AppDelegate.swift in Sources */ = {isa = PBXBuildFile; fileRef = DEB0DC0328CE053C00F77F0F /* AppDelegate.swift */; };
		DEB0DC0828CE053C00F77F0F /* LaunchesListViewController.swift in Sources */ = {isa = PBXBuildFile; fileRef = DEB0DC0728CE053C00F77F0F /* LaunchesListViewController.swift */; };
		DEB0DC0D28CE053E00F77F0F /* Assets.xcassets in Resources */ = {isa = PBXBuildFile; fileRef = DEB0DC0C28CE053E00F77F0F /* Assets.xcassets */; };
		DEB0DC1028CE053E00F77F0F /* LaunchScreen.storyboard in Resources */ = {isa = PBXBuildFile; fileRef = DEB0DC0E28CE053E00F77F0F /* LaunchScreen.storyboard */; };
		DEB0DC1828CE763E00F77F0F /* Extensions.swift in Sources */ = {isa = PBXBuildFile; fileRef = DEB0DC1728CE763E00F77F0F /* Extensions.swift */; };
		DEB0DC1A28CE771F00F77F0F /* Launch.swift in Sources */ = {isa = PBXBuildFile; fileRef = DEB0DC1928CE771F00F77F0F /* Launch.swift */; };
		DEB0DC1C28CE787F00F77F0F /* LaunchCell.swift in Sources */ = {isa = PBXBuildFile; fileRef = DEB0DC1B28CE787F00F77F0F /* LaunchCell.swift */; };
		DEB0DC1F28CE902A00F77F0F /* Alamofire in Frameworks */ = {isa = PBXBuildFile; productRef = DEB0DC1E28CE902A00F77F0F /* Alamofire */; };
		DEB0DC2328CE95FA00F77F0F /* LaunchesWebService.swift in Sources */ = {isa = PBXBuildFile; fileRef = DEB0DC2228CE95FA00F77F0F /* LaunchesWebService.swift */; };
		DEB0DC2628CE979500F77F0F /* LaunchesRepository.swift in Sources */ = {isa = PBXBuildFile; fileRef = DEB0DC2528CE979500F77F0F /* LaunchesRepository.swift */; };
/* End PBXBuildFile section */

/* Begin PBXFileReference section */
		DE09EBDE28DFB95B00F672CA /* Rocket.swift */ = {isa = PBXFileReference; lastKnownFileType = sourcecode.swift; path = Rocket.swift; sourceTree = "<group>"; };
		DE09EBE028DFB9C800F672CA /* Launchpad.swift */ = {isa = PBXFileReference; lastKnownFileType = sourcecode.swift; path = Launchpad.swift; sourceTree = "<group>"; };
		DE40779128CF376C00EDB68D /* IconLabelView.swift */ = {isa = PBXFileReference; lastKnownFileType = sourcecode.swift; path = IconLabelView.swift; sourceTree = "<group>"; };
		DE83A08928E107AF005650CE /* ViewFactory.swift */ = {isa = PBXFileReference; lastKnownFileType = sourcecode.swift; path = ViewFactory.swift; sourceTree = "<group>"; };
		DE83A08B28E116F0005650CE /* Constants.swift */ = {isa = PBXFileReference; lastKnownFileType = sourcecode.swift; path = Constants.swift; sourceTree = "<group>"; };
		DEA0E7FC28D0D00F0095C8FD /* LaunchDetailViewController.swift */ = {isa = PBXFileReference; lastKnownFileType = sourcecode.swift; path = LaunchDetailViewController.swift; sourceTree = "<group>"; };
		DEA0E7FE28D0F2EB0095C8FD /* Coordinator.swift */ = {isa = PBXFileReference; lastKnownFileType = sourcecode.swift; path = Coordinator.swift; sourceTree = "<group>"; };
		DEA0E80028D0F31D0095C8FD /* AppCoordinator.swift */ = {isa = PBXFileReference; lastKnownFileType = sourcecode.swift; path = AppCoordinator.swift; sourceTree = "<group>"; };
		DEA0E80228D0F6230095C8FD /* LaunchesCoordinator.swift */ = {isa = PBXFileReference; lastKnownFileType = sourcecode.swift; path = LaunchesCoordinator.swift; sourceTree = "<group>"; };
		DEA0E81228D0FA110095C8FD /* LaunchesNavigation.swift */ = {isa = PBXFileReference; lastKnownFileType = sourcecode.swift; path = LaunchesNavigation.swift; sourceTree = "<group>"; };
		DEA0E81528D0FB1A0095C8FD /* LaunchesListViewModel.swift */ = {isa = PBXFileReference; lastKnownFileType = sourcecode.swift; path = LaunchesListViewModel.swift; sourceTree = "<group>"; };
		DEA0E82D28D119EA0095C8FD /* Localizable.strings */ = {isa = PBXFileReference; lastKnownFileType = text.plist.strings; path = Localizable.strings; sourceTree = "<group>"; };
		DEA0E82F28D11A200095C8FD /* Strings.swift */ = {isa = PBXFileReference; lastKnownFileType = sourcecode.swift; path = Strings.swift; sourceTree = "<group>"; };
		DEA0E83428D121DF0095C8FD /* LaunchViewData.swift */ = {isa = PBXFileReference; lastKnownFileType = sourcecode.swift; path = LaunchViewData.swift; sourceTree = "<group>"; };
		DEB0DC0028CE053C00F77F0F /* SpaceX App.app */ = {isa = PBXFileReference; explicitFileType = wrapper.application; includeInIndex = 0; path = "SpaceX App.app"; sourceTree = BUILT_PRODUCTS_DIR; };
		DEB0DC0328CE053C00F77F0F /* AppDelegate.swift */ = {isa = PBXFileReference; lastKnownFileType = sourcecode.swift; path = AppDelegate.swift; sourceTree = "<group>"; };
		DEB0DC0728CE053C00F77F0F /* LaunchesListViewController.swift */ = {isa = PBXFileReference; lastKnownFileType = sourcecode.swift; path = LaunchesListViewController.swift; sourceTree = "<group>"; };
		DEB0DC0C28CE053E00F77F0F /* Assets.xcassets */ = {isa = PBXFileReference; lastKnownFileType = folder.assetcatalog; path = Assets.xcassets; sourceTree = "<group>"; };
		DEB0DC0F28CE053E00F77F0F /* Base */ = {isa = PBXFileReference; lastKnownFileType = file.storyboard; name = Base; path = Base.lproj/LaunchScreen.storyboard; sourceTree = "<group>"; };
		DEB0DC1128CE053E00F77F0F /* Info.plist */ = {isa = PBXFileReference; lastKnownFileType = text.plist.xml; path = Info.plist; sourceTree = "<group>"; };
		DEB0DC1728CE763E00F77F0F /* Extensions.swift */ = {isa = PBXFileReference; lastKnownFileType = sourcecode.swift; path = Extensions.swift; sourceTree = "<group>"; };
		DEB0DC1928CE771F00F77F0F /* Launch.swift */ = {isa = PBXFileReference; lastKnownFileType = sourcecode.swift; path = Launch.swift; sourceTree = "<group>"; };
		DEB0DC1B28CE787F00F77F0F /* LaunchCell.swift */ = {isa = PBXFileReference; lastKnownFileType = sourcecode.swift; path = LaunchCell.swift; sourceTree = "<group>"; };
		DEB0DC2228CE95FA00F77F0F /* LaunchesWebService.swift */ = {isa = PBXFileReference; lastKnownFileType = sourcecode.swift; path = LaunchesWebService.swift; sourceTree = "<group>"; };
		DEB0DC2528CE979500F77F0F /* LaunchesRepository.swift */ = {isa = PBXFileReference; lastKnownFileType = sourcecode.swift; path = LaunchesRepository.swift; sourceTree = "<group>"; };
/* End PBXFileReference section */

/* Begin PBXFrameworksBuildPhase section */
		DEB0DBFD28CE053C00F77F0F /* Frameworks */ = {
			isa = PBXFrameworksBuildPhase;
			buildActionMask = 2147483647;
			files = (
				DEB0DC1F28CE902A00F77F0F /* Alamofire in Frameworks */,
			);
			runOnlyForDeploymentPostprocessing = 0;
		};
/* End PBXFrameworksBuildPhase section */

/* Begin PBXGroup section */
		DEA0E80428D0F88D0095C8FD /* Models */ = {
			isa = PBXGroup;
			children = (
				DEB0DC1928CE771F00F77F0F /* Launch.swift */,
				DE09EBDE28DFB95B00F672CA /* Rocket.swift */,
				DE09EBE028DFB9C800F672CA /* Launchpad.swift */,
			);
			path = Models;
			sourceTree = "<group>";
		};
		DEA0E80528D0F8B40095C8FD /* View */ = {
			isa = PBXGroup;
			children = (
				DEA0E80928D0F9000095C8FD /* Launches */,
				DEA0E80728D0F8CF0095C8FD /* Cells */,
				DEA0E80628D0F8C40095C8FD /* Components */,
			);
			path = View;
			sourceTree = "<group>";
		};
		DEA0E80628D0F8C40095C8FD /* Components */ = {
			isa = PBXGroup;
			children = (
				DE40779128CF376C00EDB68D /* IconLabelView.swift */,
			);
			path = Components;
			sourceTree = "<group>";
		};
		DEA0E80728D0F8CF0095C8FD /* Cells */ = {
			isa = PBXGroup;
			children = (
				DEB0DC1B28CE787F00F77F0F /* LaunchCell.swift */,
			);
			path = Cells;
			sourceTree = "<group>";
		};
		DEA0E80928D0F9000095C8FD /* Launches */ = {
			isa = PBXGroup;
			children = (
				DEA0E81128D0F9FF0095C8FD /* Coordinators */,
				DEA0E80C28D0F9680095C8FD /* ViewControllers */,
				DEA0E81428D0FB020095C8FD /* ViewModels */,
				DEA0E83328D121C00095C8FD /* ViewData */,
			);
			path = Launches;
			sourceTree = "<group>";
		};
		DEA0E80C28D0F9680095C8FD /* ViewControllers */ = {
			isa = PBXGroup;
			children = (
				DEB0DC0728CE053C00F77F0F /* LaunchesListViewController.swift */,
				DEA0E7FC28D0D00F0095C8FD /* LaunchDetailViewController.swift */,
			);
			path = ViewControllers;
			sourceTree = "<group>";
		};
		DEA0E80E28D0F9A50095C8FD /* Application */ = {
			isa = PBXGroup;
			children = (
				DEB0DC0328CE053C00F77F0F /* AppDelegate.swift */,
				DEA0E80028D0F31D0095C8FD /* AppCoordinator.swift */,
				DEA0E7FE28D0F2EB0095C8FD /* Coordinator.swift */,
			);
			path = Application;
			sourceTree = "<group>";
		};
		DEA0E80F28D0F9B90095C8FD /* Utilities */ = {
			isa = PBXGroup;
			children = (
				DEB0DC1728CE763E00F77F0F /* Extensions.swift */,
				DEA0E82F28D11A200095C8FD /* Strings.swift */,
				DE83A08928E107AF005650CE /* ViewFactory.swift */,
				DE83A08B28E116F0005650CE /* Constants.swift */,
			);
			path = Utilities;
			sourceTree = "<group>";
		};
		DEA0E81128D0F9FF0095C8FD /* Coordinators */ = {
			isa = PBXGroup;
			children = (
				DEA0E80228D0F6230095C8FD /* LaunchesCoordinator.swift */,
				DEA0E81228D0FA110095C8FD /* LaunchesNavigation.swift */,
			);
			path = Coordinators;
			sourceTree = "<group>";
		};
		DEA0E81428D0FB020095C8FD /* ViewModels */ = {
			isa = PBXGroup;
			children = (
				DEA0E81528D0FB1A0095C8FD /* LaunchesListViewModel.swift */,
			);
			path = ViewModels;
			sourceTree = "<group>";
		};
		DEA0E83328D121C00095C8FD /* ViewData */ = {
			isa = PBXGroup;
			children = (
				DEA0E83428D121DF0095C8FD /* LaunchViewData.swift */,
			);
			path = ViewData;
			sourceTree = "<group>";
		};
		DEB0DBF728CE053C00F77F0F = {
			isa = PBXGroup;
			children = (
				DEB0DC0228CE053C00F77F0F /* SpaceX App */,
				DEB0DC0128CE053C00F77F0F /* Products */,
			);
			sourceTree = "<group>";
		};
		DEB0DC0128CE053C00F77F0F /* Products */ = {
			isa = PBXGroup;
			children = (
				DEB0DC0028CE053C00F77F0F /* SpaceX App.app */,
			);
			name = Products;
			sourceTree = "<group>";
		};
		DEB0DC0228CE053C00F77F0F /* SpaceX App */ = {
			isa = PBXGroup;
			children = (
				DEA0E80E28D0F9A50095C8FD /* Application */,
				DEB0DC2028CE95C100F77F0F /* Data */,
				DEA0E80528D0F8B40095C8FD /* View */,
				DEA0E80F28D0F9B90095C8FD /* Utilities */,
				DEB0DC0C28CE053E00F77F0F /* Assets.xcassets */,
				DEB0DC0E28CE053E00F77F0F /* LaunchScreen.storyboard */,
				DEB0DC1128CE053E00F77F0F /* Info.plist */,
				DEA0E82D28D119EA0095C8FD /* Localizable.strings */,
			);
			path = "SpaceX App";
			sourceTree = "<group>";
		};
		DEB0DC2028CE95C100F77F0F /* Data */ = {
			isa = PBXGroup;
			children = (
				DEA0E80428D0F88D0095C8FD /* Models */,
				DEB0DC2428CE978700F77F0F /* Repositories */,
				DEB0DC2128CE95DB00F77F0F /* Networking */,
			);
			path = Data;
			sourceTree = "<group>";
		};
		DEB0DC2128CE95DB00F77F0F /* Networking */ = {
			isa = PBXGroup;
			children = (
				DEB0DC2228CE95FA00F77F0F /* LaunchesWebService.swift */,
			);
			path = Networking;
			sourceTree = "<group>";
		};
		DEB0DC2428CE978700F77F0F /* Repositories */ = {
			isa = PBXGroup;
			children = (
				DEB0DC2528CE979500F77F0F /* LaunchesRepository.swift */,
			);
			path = Repositories;
			sourceTree = "<group>";
		};
/* End PBXGroup section */

/* Begin PBXNativeTarget section */
		DEB0DBFF28CE053C00F77F0F /* SpaceX App */ = {
			isa = PBXNativeTarget;
			buildConfigurationList = DEB0DC1428CE053E00F77F0F /* Build configuration list for PBXNativeTarget "SpaceX App" */;
			buildPhases = (
				DEB0DBFC28CE053C00F77F0F /* Sources */,
				DEB0DBFD28CE053C00F77F0F /* Frameworks */,
				DEB0DBFE28CE053C00F77F0F /* Resources */,
			);
			buildRules = (
			);
			dependencies = (
			);
			name = "SpaceX App";
			packageProductDependencies = (
				DEB0DC1E28CE902A00F77F0F /* Alamofire */,
			);
			productName = "SpaceX App";
			productReference = DEB0DC0028CE053C00F77F0F /* SpaceX App.app */;
			productType = "com.apple.product-type.application";
		};
/* End PBXNativeTarget section */

/* Begin PBXProject section */
		DEB0DBF828CE053C00F77F0F /* Project object */ = {
			isa = PBXProject;
			attributes = {
				BuildIndependentTargetsInParallel = 1;
				LastSwiftUpdateCheck = 1340;
				LastUpgradeCheck = 1340;
				TargetAttributes = {
					DEB0DBFF28CE053C00F77F0F = {
						CreatedOnToolsVersion = 13.4.1;
					};
				};
			};
			buildConfigurationList = DEB0DBFB28CE053C00F77F0F /* Build configuration list for PBXProject "SpaceX App" */;
			compatibilityVersion = "Xcode 13.0";
			developmentRegion = en;
			hasScannedForEncodings = 0;
			knownRegions = (
				en,
				Base,
			);
			mainGroup = DEB0DBF728CE053C00F77F0F;
			packageReferences = (
				DEB0DC1D28CE902A00F77F0F /* XCRemoteSwiftPackageReference "Alamofire" */,
			);
			productRefGroup = DEB0DC0128CE053C00F77F0F /* Products */;
			projectDirPath = "";
			projectRoot = "";
			targets = (
				DEB0DBFF28CE053C00F77F0F /* SpaceX App */,
			);
		};
/* End PBXProject section */

/* Begin PBXResourcesBuildPhase section */
		DEB0DBFE28CE053C00F77F0F /* Resources */ = {
			isa = PBXResourcesBuildPhase;
			buildActionMask = 2147483647;
			files = (
				DEB0DC1028CE053E00F77F0F /* LaunchScreen.storyboard in Resources */,
				DEA0E82E28D119EA0095C8FD /* Localizable.strings in Resources */,
				DEB0DC0D28CE053E00F77F0F /* Assets.xcassets in Resources */,
			);
			runOnlyForDeploymentPostprocessing = 0;
		};
/* End PBXResourcesBuildPhase section */

/* Begin PBXSourcesBuildPhase section */
		DEB0DBFC28CE053C00F77F0F /* Sources */ = {
			isa = PBXSourcesBuildPhase;
			buildActionMask = 2147483647;
			files = (
				DEA0E80128D0F31D0095C8FD /* AppCoordinator.swift in Sources */,
				DEA0E81628D0FB1A0095C8FD /* LaunchesListViewModel.swift in Sources */,
				DEB0DC1C28CE787F00F77F0F /* LaunchCell.swift in Sources */,
				DEB0DC0828CE053C00F77F0F /* LaunchesListViewController.swift in Sources */,
				DEA0E80328D0F6230095C8FD /* LaunchesCoordinator.swift in Sources */,
				DEA0E7FD28D0D00F0095C8FD /* LaunchDetailViewController.swift in Sources */,
				DE09EBE128DFB9C800F672CA /* Launchpad.swift in Sources */,
				DE40779228CF376C00EDB68D /* IconLabelView.swift in Sources */,
				DEA0E83028D11A200095C8FD /* Strings.swift in Sources */,
				DEB0DC2628CE979500F77F0F /* LaunchesRepository.swift in Sources */,
				DE09EBDF28DFB95B00F672CA /* Rocket.swift in Sources */,
				DEA0E7FF28D0F2EB0095C8FD /* Coordinator.swift in Sources */,
				DEB0DC1828CE763E00F77F0F /* Extensions.swift in Sources */,
				DEB0DC1A28CE771F00F77F0F /* Launch.swift in Sources */,
				DEA0E81328D0FA110095C8FD /* LaunchesNavigation.swift in Sources */,
				DE83A08C28E116F0005650CE /* Constants.swift in Sources */,
				DE83A08A28E107AF005650CE /* ViewFactory.swift in Sources */,
				DEA0E83528D121DF0095C8FD /* LaunchViewData.swift in Sources */,
				DEB0DC0428CE053C00F77F0F /* AppDelegate.swift in Sources */,
				DEB0DC2328CE95FA00F77F0F /* LaunchesWebService.swift in Sources */,
			);
			runOnlyForDeploymentPostprocessing = 0;
		};
/* End PBXSourcesBuildPhase section */

/* Begin PBXVariantGroup section */
		DEB0DC0E28CE053E00F77F0F /* LaunchScreen.storyboard */ = {
			isa = PBXVariantGroup;
			children = (
				DEB0DC0F28CE053E00F77F0F /* Base */,
			);
			name = LaunchScreen.storyboard;
			sourceTree = "<group>";
		};
/* End PBXVariantGroup section */

/* Begin XCBuildConfiguration section */
		DEB0DC1228CE053E00F77F0F /* Debug */ = {
			isa = XCBuildConfiguration;
			buildSettings = {
				ALWAYS_SEARCH_USER_PATHS = NO;
				CLANG_ANALYZER_NONNULL = YES;
				CLANG_ANALYZER_NUMBER_OBJECT_CONVERSION = YES_AGGRESSIVE;
				CLANG_CXX_LANGUAGE_STANDARD = "gnu++17";
				CLANG_ENABLE_MODULES = YES;
				CLANG_ENABLE_OBJC_ARC = YES;
				CLANG_ENABLE_OBJC_WEAK = YES;
				CLANG_WARN_BLOCK_CAPTURE_AUTORELEASING = YES;
				CLANG_WARN_BOOL_CONVERSION = YES;
				CLANG_WARN_COMMA = YES;
				CLANG_WARN_CONSTANT_CONVERSION = YES;
				CLANG_WARN_DEPRECATED_OBJC_IMPLEMENTATIONS = YES;
				CLANG_WARN_DIRECT_OBJC_ISA_USAGE = YES_ERROR;
				CLANG_WARN_DOCUMENTATION_COMMENTS = YES;
				CLANG_WARN_EMPTY_BODY = YES;
				CLANG_WARN_ENUM_CONVERSION = YES;
				CLANG_WARN_INFINITE_RECURSION = YES;
				CLANG_WARN_INT_CONVERSION = YES;
				CLANG_WARN_NON_LITERAL_NULL_CONVERSION = YES;
				CLANG_WARN_OBJC_IMPLICIT_RETAIN_SELF = YES;
				CLANG_WARN_OBJC_LITERAL_CONVERSION = YES;
				CLANG_WARN_OBJC_ROOT_CLASS = YES_ERROR;
				CLANG_WARN_QUOTED_INCLUDE_IN_FRAMEWORK_HEADER = YES;
				CLANG_WARN_RANGE_LOOP_ANALYSIS = YES;
				CLANG_WARN_STRICT_PROTOTYPES = YES;
				CLANG_WARN_SUSPICIOUS_MOVE = YES;
				CLANG_WARN_UNGUARDED_AVAILABILITY = YES_AGGRESSIVE;
				CLANG_WARN_UNREACHABLE_CODE = YES;
				CLANG_WARN__DUPLICATE_METHOD_MATCH = YES;
				COPY_PHASE_STRIP = NO;
				DEBUG_INFORMATION_FORMAT = dwarf;
				ENABLE_STRICT_OBJC_MSGSEND = YES;
				ENABLE_TESTABILITY = YES;
				GCC_C_LANGUAGE_STANDARD = gnu11;
				GCC_DYNAMIC_NO_PIC = NO;
				GCC_NO_COMMON_BLOCKS = YES;
				GCC_OPTIMIZATION_LEVEL = 0;
				GCC_PREPROCESSOR_DEFINITIONS = (
					"DEBUG=1",
					"$(inherited)",
				);
				GCC_WARN_64_TO_32_BIT_CONVERSION = YES;
				GCC_WARN_ABOUT_RETURN_TYPE = YES_ERROR;
				GCC_WARN_UNDECLARED_SELECTOR = YES;
				GCC_WARN_UNINITIALIZED_AUTOS = YES_AGGRESSIVE;
				GCC_WARN_UNUSED_FUNCTION = YES;
				GCC_WARN_UNUSED_VARIABLE = YES;
				IPHONEOS_DEPLOYMENT_TARGET = 15.5;
				MTL_ENABLE_DEBUG_INFO = INCLUDE_SOURCE;
				MTL_FAST_MATH = YES;
				ONLY_ACTIVE_ARCH = YES;
				SDKROOT = iphoneos;
				SWIFT_ACTIVE_COMPILATION_CONDITIONS = DEBUG;
				SWIFT_OPTIMIZATION_LEVEL = "-Onone";
			};
			name = Debug;
		};
		DEB0DC1328CE053E00F77F0F /* Release */ = {
			isa = XCBuildConfiguration;
			buildSettings = {
				ALWAYS_SEARCH_USER_PATHS = NO;
				CLANG_ANALYZER_NONNULL = YES;
				CLANG_ANALYZER_NUMBER_OBJECT_CONVERSION = YES_AGGRESSIVE;
				CLANG_CXX_LANGUAGE_STANDARD = "gnu++17";
				CLANG_ENABLE_MODULES = YES;
				CLANG_ENABLE_OBJC_ARC = YES;
				CLANG_ENABLE_OBJC_WEAK = YES;
				CLANG_WARN_BLOCK_CAPTURE_AUTORELEASING = YES;
				CLANG_WARN_BOOL_CONVERSION = YES;
				CLANG_WARN_COMMA = YES;
				CLANG_WARN_CONSTANT_CONVERSION = YES;
				CLANG_WARN_DEPRECATED_OBJC_IMPLEMENTATIONS = YES;
				CLANG_WARN_DIRECT_OBJC_ISA_USAGE = YES_ERROR;
				CLANG_WARN_DOCUMENTATION_COMMENTS = YES;
				CLANG_WARN_EMPTY_BODY = YES;
				CLANG_WARN_ENUM_CONVERSION = YES;
				CLANG_WARN_INFINITE_RECURSION = YES;
				CLANG_WARN_INT_CONVERSION = YES;
				CLANG_WARN_NON_LITERAL_NULL_CONVERSION = YES;
				CLANG_WARN_OBJC_IMPLICIT_RETAIN_SELF = YES;
				CLANG_WARN_OBJC_LITERAL_CONVERSION = YES;
				CLANG_WARN_OBJC_ROOT_CLASS = YES_ERROR;
				CLANG_WARN_QUOTED_INCLUDE_IN_FRAMEWORK_HEADER = YES;
				CLANG_WARN_RANGE_LOOP_ANALYSIS = YES;
				CLANG_WARN_STRICT_PROTOTYPES = YES;
				CLANG_WARN_SUSPICIOUS_MOVE = YES;
				CLANG_WARN_UNGUARDED_AVAILABILITY = YES_AGGRESSIVE;
				CLANG_WARN_UNREACHABLE_CODE = YES;
				CLANG_WARN__DUPLICATE_METHOD_MATCH = YES;
				COPY_PHASE_STRIP = NO;
				DEBUG_INFORMATION_FORMAT = "dwarf-with-dsym";
				ENABLE_NS_ASSERTIONS = NO;
				ENABLE_STRICT_OBJC_MSGSEND = YES;
				GCC_C_LANGUAGE_STANDARD = gnu11;
				GCC_NO_COMMON_BLOCKS = YES;
				GCC_WARN_64_TO_32_BIT_CONVERSION = YES;
				GCC_WARN_ABOUT_RETURN_TYPE = YES_ERROR;
				GCC_WARN_UNDECLARED_SELECTOR = YES;
				GCC_WARN_UNINITIALIZED_AUTOS = YES_AGGRESSIVE;
				GCC_WARN_UNUSED_FUNCTION = YES;
				GCC_WARN_UNUSED_VARIABLE = YES;
				IPHONEOS_DEPLOYMENT_TARGET = 15.5;
				MTL_ENABLE_DEBUG_INFO = NO;
				MTL_FAST_MATH = YES;
				SDKROOT = iphoneos;
				SWIFT_COMPILATION_MODE = wholemodule;
				SWIFT_OPTIMIZATION_LEVEL = "-O";
				VALIDATE_PRODUCT = YES;
			};
			name = Release;
		};
		DEB0DC1528CE053E00F77F0F /* Debug */ = {
			isa = XCBuildConfiguration;
			buildSettings = {
				ASSETCATALOG_COMPILER_APPICON_NAME = AppIcon;
				ASSETCATALOG_COMPILER_GLOBAL_ACCENT_COLOR_NAME = AccentColor;
				CODE_SIGN_STYLE = Automatic;
				CURRENT_PROJECT_VERSION = 1;
				DEVELOPMENT_TEAM = TF9KYTY9X3;
				GENERATE_INFOPLIST_FILE = YES;
				INFOPLIST_FILE = "SpaceX App/Info.plist";
				INFOPLIST_KEY_UIApplicationSupportsIndirectInputEvents = YES;
				INFOPLIST_KEY_UILaunchStoryboardName = LaunchScreen;
				INFOPLIST_KEY_UISupportedInterfaceOrientations_iPad = "UIInterfaceOrientationPortrait UIInterfaceOrientationPortraitUpsideDown UIInterfaceOrientationLandscapeLeft UIInterfaceOrientationLandscapeRight";
				INFOPLIST_KEY_UISupportedInterfaceOrientations_iPhone = "UIInterfaceOrientationPortrait UIInterfaceOrientationLandscapeLeft UIInterfaceOrientationLandscapeRight";
				LD_RUNPATH_SEARCH_PATHS = (
					"$(inherited)",
					"@executable_path/Frameworks",
				);
				MARKETING_VERSION = 1.0;
				PRODUCT_BUNDLE_IDENTIFIER = "com.github.janruz.SpaceX-App";
				PRODUCT_NAME = "$(TARGET_NAME)";
				SWIFT_EMIT_LOC_STRINGS = YES;
				SWIFT_VERSION = 5.0;
				TARGETED_DEVICE_FAMILY = 1;
			};
			name = Debug;
		};
		DEB0DC1628CE053E00F77F0F /* Release */ = {
			isa = XCBuildConfiguration;
			buildSettings = {
				ASSETCATALOG_COMPILER_APPICON_NAME = AppIcon;
				ASSETCATALOG_COMPILER_GLOBAL_ACCENT_COLOR_NAME = AccentColor;
				CODE_SIGN_STYLE = Automatic;
				CURRENT_PROJECT_VERSION = 1;
				DEVELOPMENT_TEAM = TF9KYTY9X3;
				GENERATE_INFOPLIST_FILE = YES;
				INFOPLIST_FILE = "SpaceX App/Info.plist";
				INFOPLIST_KEY_UIApplicationSupportsIndirectInputEvents = YES;
				INFOPLIST_KEY_UILaunchStoryboardName = LaunchScreen;
				INFOPLIST_KEY_UISupportedInterfaceOrientations_iPad = "UIInterfaceOrientationPortrait UIInterfaceOrientationPortraitUpsideDown UIInterfaceOrientationLandscapeLeft UIInterfaceOrientationLandscapeRight";
				INFOPLIST_KEY_UISupportedInterfaceOrientations_iPhone = "UIInterfaceOrientationPortrait UIInterfaceOrientationLandscapeLeft UIInterfaceOrientationLandscapeRight";
				LD_RUNPATH_SEARCH_PATHS = (
					"$(inherited)",
					"@executable_path/Frameworks",
				);
				MARKETING_VERSION = 1.0;
				PRODUCT_BUNDLE_IDENTIFIER = "com.github.janruz.SpaceX-App";
				PRODUCT_NAME = "$(TARGET_NAME)";
				SWIFT_EMIT_LOC_STRINGS = YES;
				SWIFT_VERSION = 5.0;
				TARGETED_DEVICE_FAMILY = 1;
			};
			name = Release;
		};
/* End XCBuildConfiguration section */

/* Begin XCConfigurationList section */
		DEB0DBFB28CE053C00F77F0F /* Build configuration list for PBXProject "SpaceX App" */ = {
			isa = XCConfigurationList;
			buildConfigurations = (
				DEB0DC1228CE053E00F77F0F /* Debug */,
				DEB0DC1328CE053E00F77F0F /* Release */,
			);
			defaultConfigurationIsVisible = 0;
			defaultConfigurationName = Release;
		};
		DEB0DC1428CE053E00F77F0F /* Build configuration list for PBXNativeTarget "SpaceX App" */ = {
			isa = XCConfigurationList;
			buildConfigurations = (
				DEB0DC1528CE053E00F77F0F /* Debug */,
				DEB0DC1628CE053E00F77F0F /* Release */,
			);
			defaultConfigurationIsVisible = 0;
			defaultConfigurationName = Release;
		};
/* End XCConfigurationList section */

/* Begin XCRemoteSwiftPackageReference section */
		DEB0DC1D28CE902A00F77F0F /* XCRemoteSwiftPackageReference "Alamofire" */ = {
			isa = XCRemoteSwiftPackageReference;
			repositoryURL = "https://github.com/Alamofire/Alamofire";
			requirement = {
				kind = upToNextMajorVersion;
				minimumVersion = 5.0.0;
			};
		};
/* End XCRemoteSwiftPackageReference section */

/* Begin XCSwiftPackageProductDependency section */
		DEB0DC1E28CE902A00F77F0F /* Alamofire */ = {
			isa = XCSwiftPackageProductDependency;
			package = DEB0DC1D28CE902A00F77F0F /* XCRemoteSwiftPackageReference "Alamofire" */;
			productName = Alamofire;
		};
/* End XCSwiftPackageProductDependency section */
	};
	rootObject = DEB0DBF828CE053C00F77F0F /* Project object */;
}
